
Microsoft Visual Studio Solution File, Format Version 12.00
# Visual Studio Version 17
VisualStudioVersion = 17.2.32630.192
MinimumVisualStudioVersion = 10.0.40219.1
Project("{FAE04EC0-301F-11D3-BF4B-00C04F79EFBC}") = "WebApp", "WebApp\WebApp.csproj", "{7919D1C1-0F6C-4637-BFB8-6102EB9901DC}"
EndProject
Global
	GlobalSection(SolutionConfigurationPlatforms) = preSolution
		Debug|Any CPU = Debug|Any CPU
		Release|Any CPU = Release|Any CPU
	EndGlobalSection
	GlobalSection(ProjectConfigurationPlatforms) = postSolution
		{7919D1C1-0F6C-4637-BFB8-6102EB9901DC}.Debug|Any CPU.ActiveCfg = Debug|Any CPU
		{7919D1C1-0F6C-4637-BFB8-6102EB9901DC}.Debug|Any CPU.Build.0 = Debug|Any CPU
		{7919D1C1-0F6C-4637-BFB8-6102EB9901DC}.Release|Any CPU.ActiveCfg = Release|Any CPU
		{7919D1C1-0F6C-4637-BFB8-6102EB9901DC}.Release|Any CPU.Build.0 = Release|Any CPU
	EndGlobalSection
	GlobalSection(SolutionProperties) = preSolution
		HideSolutionNode = FALSE
	EndGlobalSection
	GlobalSection(ExtensibilityGlobals) = postSolution
		SolutionGuid = {A0DCC368-8E6F-4E29-9A5D-9908A4F00ED4}
	EndGlobalSection
EndGlobal
